
Microsoft Visual Studio Solution File, Format Version 12.00
# Visual Studio 15
VisualStudioVersion = 15.0.27130.2036
MinimumVisualStudioVersion = 10.0.40219.1
Project("{8BC9CEB8-8B4A-11D0-8D11-00A0C91BC942}") = "(un)installer", "installer\installer.vcxproj", "{50DB8C04-4442-42DF-BE95-39956CCAA034}"
	ProjectSection(ProjectDependencies) = postProject
		{5F39E9FA-2D04-470E-A01F-FDCBF2E7BE61} = {5F39E9FA-2D04-470E-A01F-FDCBF2E7BE61}
	EndProjectSection
EndProject
Project("{8BC9CEB8-8B4A-11D0-8D11-00A0C91BC942}") = "custom-open-with-extension", "extension\extension.vcxproj", "{5F39E9FA-2D04-470E-A01F-FDCBF2E7BE61}"
EndProject
Global
	GlobalSection(SolutionConfigurationPlatforms) = preSolution
		Debug|x64 = Debug|x64
		Debug|x86 = Debug|x86
		Release|x64 = Release|x64
		Release|x86 = Release|x86
	EndGlobalSection
	GlobalSection(ProjectConfigurationPlatforms) = postSolution
		{50DB8C04-4442-42DF-BE95-39956CCAA034}.Debug|x64.ActiveCfg = Debug|x64
		{50DB8C04-4442-42DF-BE95-39956CCAA034}.Debug|x64.Build.0 = Debug|x64
		{50DB8C04-4442-42DF-BE95-39956CCAA034}.Debug|x86.ActiveCfg = Debug|Win32
		{50DB8C04-4442-42DF-BE95-39956CCAA034}.Debug|x86.Build.0 = Debug|Win32
		{50DB8C04-4442-42DF-BE95-39956CCAA034}.Release|x64.ActiveCfg = Release|x64
		{50DB8C04-4442-42DF-BE95-39956CCAA034}.Release|x64.Build.0 = Release|x64
		{50DB8C04-4442-42DF-BE95-39956CCAA034}.Release|x86.ActiveCfg = Release|Win32
		{50DB8C04-4442-42DF-BE95-39956CCAA034}.Release|x86.Build.0 = Release|Win32
		{5F39E9FA-2D04-470E-A01F-FDCBF2E7BE61}.Debug|x64.ActiveCfg = Debug|x64
		{5F39E9FA-2D04-470E-A01F-FDCBF2E7BE61}.Debug|x64.Build.0 = Debug|x64
		{5F39E9FA-2D04-470E-A01F-FDCBF2E7BE61}.Debug|x86.ActiveCfg = Debug|Win32
		{5F39E9FA-2D04-470E-A01F-FDCBF2E7BE61}.Debug|x86.Build.0 = Debug|Win32
		{5F39E9FA-2D04-470E-A01F-FDCBF2E7BE61}.Release|x64.ActiveCfg = Release|x64
		{5F39E9FA-2D04-470E-A01F-FDCBF2E7BE61}.Release|x64.Build.0 = Release|x64
		{5F39E9FA-2D04-470E-A01F-FDCBF2E7BE61}.Release|x86.ActiveCfg = Release|Win32
		{5F39E9FA-2D04-470E-A01F-FDCBF2E7BE61}.Release|x86.Build.0 = Release|Win32
	EndGlobalSection
	GlobalSection(SolutionProperties) = preSolution
		HideSolutionNode = FALSE
	EndGlobalSection
	GlobalSection(ExtensibilityGlobals) = postSolution
		SolutionGuid = {428B264B-8231-4859-BEDB-DD86ECE9D459}
	EndGlobalSection
EndGlobal
