
Microsoft Visual Studio Solution File, Format Version 12.00
# Visual Studio 15
VisualStudioVersion = 15.0.27130.2036
MinimumVisualStudioVersion = 10.0.40219.1
Project("{8BC9CEB8-8B4A-11D0-8D11-00A0C91BC942}") = "extension", "extension\extension.vcxproj", "{CDCB76E1-7DFB-40DD-A509-92B2AF87D754}"
EndProject
Project("{8BC9CEB8-8B4A-11D0-8D11-00A0C91BC942}") = "installer", "installer\installer.vcxproj", "{FC87BD6C-2F52-4E0C-A635-599AEEF7799B}"
EndProject
Global
	GlobalSection(SolutionConfigurationPlatforms) = preSolution
		Debug|x64 = Debug|x64
		Debug|x86 = Debug|x86
		Release|x64 = Release|x64
		Release|x86 = Release|x86
	EndGlobalSection
	GlobalSection(ProjectConfigurationPlatforms) = postSolution
		{CDCB76E1-7DFB-40DD-A509-92B2AF87D754}.Debug|x64.ActiveCfg = Debug|x64
		{CDCB76E1-7DFB-40DD-A509-92B2AF87D754}.Debug|x64.Build.0 = Debug|x64
		{CDCB76E1-7DFB-40DD-A509-92B2AF87D754}.Debug|x86.ActiveCfg = Debug|Win32
		{CDCB76E1-7DFB-40DD-A509-92B2AF87D754}.Debug|x86.Build.0 = Debug|Win32
		{CDCB76E1-7DFB-40DD-A509-92B2AF87D754}.Release|x64.ActiveCfg = Release|x64
		{CDCB76E1-7DFB-40DD-A509-92B2AF87D754}.Release|x64.Build.0 = Release|x64
		{CDCB76E1-7DFB-40DD-A509-92B2AF87D754}.Release|x86.ActiveCfg = Release|Win32
		{CDCB76E1-7DFB-40DD-A509-92B2AF87D754}.Release|x86.Build.0 = Release|Win32
		{FC87BD6C-2F52-4E0C-A635-599AEEF7799B}.Debug|x64.ActiveCfg = Debug|x64
		{FC87BD6C-2F52-4E0C-A635-599AEEF7799B}.Debug|x64.Build.0 = Debug|x64
		{FC87BD6C-2F52-4E0C-A635-599AEEF7799B}.Debug|x86.ActiveCfg = Debug|Win32
		{FC87BD6C-2F52-4E0C-A635-599AEEF7799B}.Debug|x86.Build.0 = Debug|Win32
		{FC87BD6C-2F52-4E0C-A635-599AEEF7799B}.Release|x64.ActiveCfg = Release|x64
		{FC87BD6C-2F52-4E0C-A635-599AEEF7799B}.Release|x64.Build.0 = Release|x64
		{FC87BD6C-2F52-4E0C-A635-599AEEF7799B}.Release|x86.ActiveCfg = Release|Win32
		{FC87BD6C-2F52-4E0C-A635-599AEEF7799B}.Release|x86.Build.0 = Release|Win32
	EndGlobalSection
	GlobalSection(SolutionProperties) = preSolution
		HideSolutionNode = FALSE
	EndGlobalSection
	GlobalSection(ExtensibilityGlobals) = postSolution
		SolutionGuid = {428B264B-8231-4859-BEDB-DD86ECE9D459}
	EndGlobalSection
EndGlobal
